
Microsoft Visual Studio Solution File, Format Version 12.00
# Visual Studio 15
VisualStudioVersion = 15.0.28307.421
MinimumVisualStudioVersion = 10.0.40219.1
Project("{FAE04EC0-301F-11D3-BF4B-00C04F79EFBC}") = "prazdny_form", "prazdny_form\prazdny_form.csproj", "{E3E5A84B-3091-4FCE-9513-1292CD5B12E7}"
EndProject
Project("{2150E333-8FDC-42A3-9474-1A3956D46DE8}") = "Solution Items", "Solution Items", "{E858ACE9-202D-465C-9B27-6165CE150BF7}"
EndProject
Global
	GlobalSection(SolutionConfigurationPlatforms) = preSolution
		Debug|Any CPU = Debug|Any CPU
		Release|Any CPU = Release|Any CPU
	EndGlobalSection
	GlobalSection(ProjectConfigurationPlatforms) = postSolution
		{E3E5A84B-3091-4FCE-9513-1292CD5B12E7}.Debug|Any CPU.ActiveCfg = Debug|Any CPU
		{E3E5A84B-3091-4FCE-9513-1292CD5B12E7}.Debug|Any CPU.Build.0 = Debug|Any CPU
		{E3E5A84B-3091-4FCE-9513-1292CD5B12E7}.Release|Any CPU.ActiveCfg = Release|Any CPU
		{E3E5A84B-3091-4FCE-9513-1292CD5B12E7}.Release|Any CPU.Build.0 = Release|Any CPU
	EndGlobalSection
	GlobalSection(SolutionProperties) = preSolution
		HideSolutionNode = FALSE
	EndGlobalSection
	GlobalSection(ExtensibilityGlobals) = postSolution
		SolutionGuid = {7D356B71-F5F2-433A-BD12-F6D97B5DB626}
	EndGlobalSection
EndGlobal
